
Microsoft Visual Studio Solution File, Format Version 12.00
# Visual Studio Version 17
VisualStudioVersion = 17.8.34511.84
MinimumVisualStudioVersion = 10.0.40219.1
Project("{FAE04EC0-301F-11D3-BF4B-00C04F79EFBC}") = "pingovalka", "pingovalka.csproj", "{AE71299A-5CAB-40B8-BD5F-6242C43E17FE}"
EndProject
Global
	GlobalSection(SolutionConfigurationPlatforms) = preSolution
		Debug|Any CPU = Debug|Any CPU
		Release|Any CPU = Release|Any CPU
	EndGlobalSection
	GlobalSection(ProjectConfigurationPlatforms) = postSolution
		{AE71299A-5CAB-40B8-BD5F-6242C43E17FE}.Debug|Any CPU.ActiveCfg = Debug|Any CPU
		{AE71299A-5CAB-40B8-BD5F-6242C43E17FE}.Debug|Any CPU.Build.0 = Debug|Any CPU
		{AE71299A-5CAB-40B8-BD5F-6242C43E17FE}.Release|Any CPU.ActiveCfg = Release|Any CPU
		{AE71299A-5CAB-40B8-BD5F-6242C43E17FE}.Release|Any CPU.Build.0 = Release|Any CPU
	EndGlobalSection
	GlobalSection(SolutionProperties) = preSolution
		HideSolutionNode = FALSE
	EndGlobalSection
	GlobalSection(ExtensibilityGlobals) = postSolution
		SolutionGuid = {92D79AA6-0158-4C87-BE8A-03D03F511DD3}
	EndGlobalSection
EndGlobal
